// !$*UTF8*$!
{
	archiveVersion = 1;
	classes = {
	};
	objectVersion = 46;
	objects = {

/* Begin PBXBuildFile section */
		ADCF6E5E1CB7A51C00924E0F /* AppDelegate.swift in Sources */ = {isa = PBXBuildFile; fileRef = ADCF6E5D1CB7A51C00924E0F /* AppDelegate.swift */; };
		ADCF6E601CB7A51C00924E0F /* ViewController.swift in Sources */ = {isa = PBXBuildFile; fileRef = ADCF6E5F1CB7A51C00924E0F /* ViewController.swift */; };
		ADCF6E631CB7A51C00924E0F /* Main.storyboard in Resources */ = {isa = PBXBuildFile; fileRef = ADCF6E611CB7A51C00924E0F /* Main.storyboard */; };
		ADCF6E651CB7A51C00924E0F /* Assets.xcassets in Resources */ = {isa = PBXBuildFile; fileRef = ADCF6E641CB7A51C00924E0F /* Assets.xcassets */; };
		ADCF6E681CB7A51C00924E0F /* LaunchScreen.storyboard in Resources */ = {isa = PBXBuildFile; fileRef = ADCF6E661CB7A51C00924E0F /* LaunchScreen.storyboard */; };
		ADCF6E701CB7A54900924E0F /* background.jpeg in Resources */ = {isa = PBXBuildFile; fileRef = ADCF6E6F1CB7A54900924E0F /* background.jpeg */; };
/* End PBXBuildFile section */

/* Begin PBXFileReference section */
		ADCF6E5A1CB7A51C00924E0F /* FlightBooking.app */ = {isa = PBXFileReference; explicitFileType = wrapper.application; includeInIndex = 0; path = FlightBooking.app; sourceTree = BUILT_PRODUCTS_DIR; };
		ADCF6E5D1CB7A51C00924E0F /* AppDelegate.swift */ = {isa = PBXFileReference; lastKnownFileType = sourcecode.swift; path = AppDelegate.swift; sourceTree = "<group>"; };
		ADCF6E5F1CB7A51C00924E0F /* ViewController.swift */ = {isa = PBXFileReference; lastKnownFileType = sourcecode.swift; path = ViewController.swift; sourceTree = "<group>"; };
		ADCF6E621CB7A51C00924E0F /* Base */ = {isa = PBXFileReference; lastKnownFileType = file.storyboard; name = Base; path = Base.lproj/Main.storyboard; sourceTree = "<group>"; };
		ADCF6E641CB7A51C00924E0F /* Assets.xcassets */ = {isa = PBXFileReference; lastKnownFileType = folder.assetcatalog; path = Assets.xcassets; sourceTree = "<group>"; };
		ADCF6E671CB7A51C00924E0F /* Base */ = {isa = PBXFileReference; lastKnownFileType = file.storyboard; name = Base; path = Base.lproj/LaunchScreen.storyboard; sourceTree = "<group>"; };
		ADCF6E691CB7A51C00924E0F /* Info.plist */ = {isa = PBXFileReference; lastKnownFileType = text.plist.xml; path = Info.plist; sourceTree = "<group>"; };
		ADCF6E6F1CB7A54900924E0F /* background.jpeg */ = {isa = PBXFileReference; lastKnownFileType = image.jpeg; name = background.jpeg; path = ../../../Downloads/background.jpeg; sourceTree = "<group>"; };
/* End PBXFileReference section */

/* Begin PBXFrameworksBuildPhase section */
		ADCF6E571CB7A51C00924E0F /* Frameworks */ = {
			isa = PBXFrameworksBuildPhase;
			buildActionMask = 2147483647;
			files = (
			);
			runOnlyForDeploymentPostprocessing = 0;
		};
/* End PBXFrameworksBuildPhase section */

/* Begin PBXGroup section */
		ADCF6E511CB7A51C00924E0F = {
			isa = PBXGroup;
			children = (
				ADCF6E5C1CB7A51C00924E0F /* FlightBooking */,
				ADCF6E5B1CB7A51C00924E0F /* Products */,
			);
			sourceTree = "<group>";
		};
		ADCF6E5B1CB7A51C00924E0F /* Products */ = {
			isa = PBXGroup;
			children = (
				ADCF6E5A1CB7A51C00924E0F /* FlightBooking.app */,
			);
			name = Products;
			sourceTree = "<group>";
		};
		ADCF6E5C1CB7A51C00924E0F /* FlightBooking */ = {
			isa = PBXGroup;
			children = (
				ADCF6E6F1CB7A54900924E0F /* background.jpeg */,
				ADCF6E5D1CB7A51C00924E0F /* AppDelegate.swift */,
				ADCF6E5F1CB7A51C00924E0F /* ViewController.swift */,
				ADCF6E611CB7A51C00924E0F /* Main.storyboard */,
				ADCF6E641CB7A51C00924E0F /* Assets.xcassets */,
				ADCF6E661CB7A51C00924E0F /* LaunchScreen.storyboard */,
				ADCF6E691CB7A51C00924E0F /* Info.plist */,
			);
			path = FlightBooking;
			sourceTree = "<group>";
		};
/* End PBXGroup section */

/* Begin PBXNativeTarget section */
		ADCF6E591CB7A51C00924E0F /* FlightBooking */ = {
			isa = PBXNativeTarget;
			buildConfigurationList = ADCF6E6C1CB7A51C00924E0F /* Build configuration list for PBXNativeTarget "FlightBooking" */;
			buildPhases = (
				ADCF6E561CB7A51C00924E0F /* Sources */,
				ADCF6E571CB7A51C00924E0F /* Frameworks */,
				ADCF6E581CB7A51C00924E0F /* Resources */,
			);
			buildRules = (
			);
			dependencies = (
			);
			name = FlightBooking;
			productName = FlightBooking;
			productReference = ADCF6E5A1CB7A51C00924E0F /* FlightBooking.app */;
			productType = "com.apple.product-type.application";
		};
/* End PBXNativeTarget section */

/* Begin PBXProject section */
		ADCF6E521CB7A51C00924E0F /* Project object */ = {
			isa = PBXProject;
			attributes = {
				LastSwiftUpdateCheck = 0730;
				LastUpgradeCheck = 0730;
				ORGANIZATIONNAME = jaehalee;
				TargetAttributes = {
					ADCF6E591CB7A51C00924E0F = {
						CreatedOnToolsVersion = 7.3;
					};
				};
			};
			buildConfigurationList = ADCF6E551CB7A51C00924E0F /* Build configuration list for PBXProject "FlightBooking" */;
			compatibilityVersion = "Xcode 3.2";
			developmentRegion = English;
			hasScannedForEncodings = 0;
			knownRegions = (
				en,
				Base,
			);
			mainGroup = ADCF6E511CB7A51C00924E0F;
			productRefGroup = ADCF6E5B1CB7A51C00924E0F /* Products */;
			projectDirPath = "";
			projectRoot = "";
			targets = (
				ADCF6E591CB7A51C00924E0F /* FlightBooking */,
			);
		};
/* End PBXProject section */

/* Begin PBXResourcesBuildPhase section */
		ADCF6E581CB7A51C00924E0F /* Resources */ = {
			isa = PBXResourcesBuildPhase;
			buildActionMask = 2147483647;
			files = (
				ADCF6E681CB7A51C00924E0F /* LaunchScreen.storyboard in Resources */,
				ADCF6E651CB7A51C00924E0F /* Assets.xcassets in Resources */,
				ADCF6E631CB7A51C00924E0F /* Main.storyboard in Resources */,
				ADCF6E701CB7A54900924E0F /* background.jpeg in Resources */,
			);
			runOnlyForDeploymentPostprocessing = 0;
		};
/* End PBXResourcesBuildPhase section */

/* Begin PBXSourcesBuildPhase section */
		ADCF6E561CB7A51C00924E0F /* Sources */ = {
			isa = PBXSourcesBuildPhase;
			buildActionMask = 2147483647;
			files = (
				ADCF6E601CB7A51C00924E0F /* ViewController.swift in Sources */,
				ADCF6E5E1CB7A51C00924E0F /* AppDelegate.swift in Sources */,
			);
			runOnlyForDeploymentPostprocessing = 0;
		};
/* End PBXSourcesBuildPhase section */

/* Begin PBXVariantGroup section */
		ADCF6E611CB7A51C00924E0F /* Main.storyboard */ = {
			isa = PBXVariantGroup;
			children = (
				ADCF6E621CB7A51C00924E0F /* Base */,
			);
			name = Main.storyboard;
			sourceTree = "<group>";
		};
		ADCF6E661CB7A51C00924E0F /* LaunchScreen.storyboard */ = {
			isa = PBXVariantGroup;
			children = (
				ADCF6E671CB7A51C00924E0F /* Base */,
			);
			name = LaunchScreen.storyboard;
			sourceTree = "<group>";
		};
/* End PBXVariantGroup section */

/* Begin XCBuildConfiguration section */
		ADCF6E6A1CB7A51C00924E0F /* Debug */ = {
			isa = XCBuildConfiguration;
			buildSettings = {
				ALWAYS_SEARCH_USER_PATHS = NO;
				CLANG_ANALYZER_NONNULL = YES;
				CLANG_CXX_LANGUAGE_STANDARD = "gnu++0x";
				CLANG_CXX_LIBRARY = "libc++";
				CLANG_ENABLE_MODULES = YES;
				CLANG_ENABLE_OBJC_ARC = YES;
				CLANG_WARN_BOOL_CONVERSION = YES;
				CLANG_WARN_CONSTANT_CONVERSION = YES;
				CLANG_WARN_DIRECT_OBJC_ISA_USAGE = YES_ERROR;
				CLANG_WARN_EMPTY_BODY = YES;
				CLANG_WARN_ENUM_CONVERSION = YES;
				CLANG_WARN_INT_CONVERSION = YES;
				CLANG_WARN_OBJC_ROOT_CLASS = YES_ERROR;
				CLANG_WARN_UNREACHABLE_CODE = YES;
				CLANG_WARN__DUPLICATE_METHOD_MATCH = YES;
				"CODE_SIGN_IDENTITY[sdk=iphoneos*]" = "iPhone Developer";
				COPY_PHASE_STRIP = NO;
				DEBUG_INFORMATION_FORMAT = dwarf;
				ENABLE_STRICT_OBJC_MSGSEND = YES;
				ENABLE_TESTABILITY = YES;
				GCC_C_LANGUAGE_STANDARD = gnu99;
				GCC_DYNAMIC_NO_PIC = NO;
				GCC_NO_COMMON_BLOCKS = YES;
				GCC_OPTIMIZATION_LEVEL = 0;
				GCC_PREPROCESSOR_DEFINITIONS = (
					"DEBUG=1",
					"$(inherited)",
				);
				GCC_WARN_64_TO_32_BIT_CONVERSION = YES;
				GCC_WARN_ABOUT_RETURN_TYPE = YES_ERROR;
				GCC_WARN_UNDECLARED_SELECTOR = YES;
				GCC_WARN_UNINITIALIZED_AUTOS = YES_AGGRESSIVE;
				GCC_WARN_UNUSED_FUNCTION = YES;
				GCC_WARN_UNUSED_VARIABLE = YES;
				IPHONEOS_DEPLOYMENT_TARGET = 9.3;
				MTL_ENABLE_DEBUG_INFO = YES;
				ONLY_ACTIVE_ARCH = YES;
				SDKROOT = iphoneos;
				SWIFT_OPTIMIZATION_LEVEL = "-Onone";
			};
			name = Debug;
		};
		ADCF6E6B1CB7A51C00924E0F /* Release */ = {
			isa = XCBuildConfiguration;
			buildSettings = {
				ALWAYS_SEARCH_USER_PATHS = NO;
				CLANG_ANALYZER_NONNULL = YES;
				CLANG_CXX_LANGUAGE_STANDARD = "gnu++0x";
				CLANG_CXX_LIBRARY = "libc++";
				CLANG_ENABLE_MODULES = YES;
				CLANG_ENABLE_OBJC_ARC = YES;
				CLANG_WARN_BOOL_CONVERSION = YES;
				CLANG_WARN_CONSTANT_CONVERSION = YES;
				CLANG_WARN_DIRECT_OBJC_ISA_USAGE = YES_ERROR;
				CLANG_WARN_EMPTY_BODY = YES;
				CLANG_WARN_ENUM_CONVERSION = YES;
				CLANG_WARN_INT_CONVERSION = YES;
				CLANG_WARN_OBJC_ROOT_CLASS = YES_ERROR;
				CLANG_WARN_UNREACHABLE_CODE = YES;
				CLANG_WARN__DUPLICATE_METHOD_MATCH = YES;
				"CODE_SIGN_IDENTITY[sdk=iphoneos*]" = "iPhone Developer";
				COPY_PHASE_STRIP = NO;
				DEBUG_INFORMATION_FORMAT = "dwarf-with-dsym";
				ENABLE_NS_ASSERTIONS = NO;
				ENABLE_STRICT_OBJC_MSGSEND = YES;
				GCC_C_LANGUAGE_STANDARD = gnu99;
				GCC_NO_COMMON_BLOCKS = YES;
				GCC_WARN_64_TO_32_BIT_CONVERSION = YES;
				GCC_WARN_ABOUT_RETURN_TYPE = YES_ERROR;
				GCC_WARN_UNDECLARED_SELECTOR = YES;
				GCC_WARN_UNINITIALIZED_AUTOS = YES_AGGRESSIVE;
				GCC_WARN_UNUSED_FUNCTION = YES;
				GCC_WARN_UNUSED_VARIABLE = YES;
				IPHONEOS_DEPLOYMENT_TARGET = 9.3;
				MTL_ENABLE_DEBUG_INFO = NO;
				SDKROOT = iphoneos;
				VALIDATE_PRODUCT = YES;
			};
			name = Release;
		};
		ADCF6E6D1CB7A51C00924E0F /* Debug */ = {
			isa = XCBuildConfiguration;
			buildSettings = {
				ASSETCATALOG_COMPILER_APPICON_NAME = AppIcon;
				INFOPLIST_FILE = FlightBooking/Info.plist;
				LD_RUNPATH_SEARCH_PATHS = "$(inherited) @executable_path/Frameworks";
				PRODUCT_BUNDLE_IDENTIFIER = hanssem.com.FlightBooking;
				PRODUCT_NAME = "$(TARGET_NAME)";
			};
			name = Debug;
		};
		ADCF6E6E1CB7A51C00924E0F /* Release */ = {
			isa = XCBuildConfiguration;
			buildSettings = {
				ASSETCATALOG_COMPILER_APPICON_NAME = AppIcon;
				INFOPLIST_FILE = FlightBooking/Info.plist;
				LD_RUNPATH_SEARCH_PATHS = "$(inherited) @executable_path/Frameworks";
				PRODUCT_BUNDLE_IDENTIFIER = hanssem.com.FlightBooking;
				PRODUCT_NAME = "$(TARGET_NAME)";
			};
			name = Release;
		};
/* End XCBuildConfiguration section */

/* Begin XCConfigurationList section */
		ADCF6E551CB7A51C00924E0F /* Build configuration list for PBXProject "FlightBooking" */ = {
			isa = XCConfigurationList;
			buildConfigurations = (
				ADCF6E6A1CB7A51C00924E0F /* Debug */,
				ADCF6E6B1CB7A51C00924E0F /* Release */,
			);
			defaultConfigurationIsVisible = 0;
			defaultConfigurationName = Release;
		};
		ADCF6E6C1CB7A51C00924E0F /* Build configuration list for PBXNativeTarget "FlightBooking" */ = {
			isa = XCConfigurationList;
			buildConfigurations = (
				ADCF6E6D1CB7A51C00924E0F /* Debug */,
				ADCF6E6E1CB7A51C00924E0F /* Release */,
			);
			defaultConfigurationIsVisible = 0;
		};
/* End XCConfigurationList section */
	};
	rootObject = ADCF6E521CB7A51C00924E0F /* Project object */;
}
